// !$*UTF8*$!
{
	archiveVersion = 1;
	classes = {
	};
	objectVersion = 46;
	objects = {

/* Begin PBXBuildFile section */
		187BA3CD24EF80A500D76767 /* NSObject+AICommon.m in Sources */ = {isa = PBXBuildFile; fileRef = 187BA3CC24EF80A500D76767 /* NSObject+AICommon.m */; };
		187BA3D024EFB52100D76767 /* AIViewController.m in Sources */ = {isa = PBXBuildFile; fileRef = 187BA3CF24EFB52100D76767 /* AIViewController.m */; };
		8594EC5C457813A7DF0C475D /* Pods_AIAPP.framework in Frameworks */ = {isa = PBXBuildFile; fileRef = 62939EFC16EAA7CAC9E7CBD2 /* Pods_AIAPP.framework */; };
		F325E1AE1FECB7BF00028C1A /* AppDelegate.m in Sources */ = {isa = PBXBuildFile; fileRef = F325E1A41FECB7BF00028C1A /* AppDelegate.m */; };
		F325E1AF1FECB7BF00028C1A /* Assets.xcassets in Resources */ = {isa = PBXBuildFile; fileRef = F325E1A71FECB7BF00028C1A /* Assets.xcassets */; };
		F325E1B21FECB7BF00028C1A /* Info.plist in Resources */ = {isa = PBXBuildFile; fileRef = F325E1AC1FECB7BF00028C1A /* Info.plist */; };
		F325E1B31FECB7BF00028C1A /* main.m in Sources */ = {isa = PBXBuildFile; fileRef = F325E1AD1FECB7BF00028C1A /* main.m */; };
		F325E1BA1FF3366300028C1A /* AppDelegate+AppService.m in Sources */ = {isa = PBXBuildFile; fileRef = F325E1B91FF3366300028C1A /* AppDelegate+AppService.m */; };
/* End PBXBuildFile section */

/* Begin PBXFileReference section */
		016E0B101B3405D3328A1B37 /* Pods-AIAPP.debug.xcconfig */ = {isa = PBXFileReference; includeInIndex = 1; lastKnownFileType = text.xcconfig; name = "Pods-AIAPP.debug.xcconfig"; path = "Pods/Target Support Files/Pods-AIAPP/Pods-AIAPP.debug.xcconfig"; sourceTree = "<group>"; };
		187BA3C324EF7F6100D76767 /* UtilsMacros.h */ = {isa = PBXFileReference; fileEncoding = 4; lastKnownFileType = sourcecode.c.h; path = UtilsMacros.h; sourceTree = "<group>"; };
		187BA3C424EF7F6100D76767 /* CommonMacros.h */ = {isa = PBXFileReference; fileEncoding = 4; lastKnownFileType = sourcecode.c.h; path = CommonMacros.h; sourceTree = "<group>"; };
		187BA3C524EF7F6100D76767 /* FontAndColorMacros.h */ = {isa = PBXFileReference; fileEncoding = 4; lastKnownFileType = sourcecode.c.h; path = FontAndColorMacros.h; sourceTree = "<group>"; };
		187BA3C624EF7F6100D76767 /* URLMacros.h */ = {isa = PBXFileReference; fileEncoding = 4; lastKnownFileType = sourcecode.c.h; path = URLMacros.h; sourceTree = "<group>"; };
		187BA3C724EF7F6100D76767 /* SystemMacros.h */ = {isa = PBXFileReference; fileEncoding = 4; lastKnownFileType = sourcecode.c.h; path = SystemMacros.h; sourceTree = "<group>"; };
		187BA3CB24EF80A500D76767 /* NSObject+AICommon.h */ = {isa = PBXFileReference; lastKnownFileType = sourcecode.c.h; path = "NSObject+AICommon.h"; sourceTree = "<group>"; };
		187BA3CC24EF80A500D76767 /* NSObject+AICommon.m */ = {isa = PBXFileReference; lastKnownFileType = sourcecode.c.objc; path = "NSObject+AICommon.m"; sourceTree = "<group>"; };
		187BA3CE24EFB52100D76767 /* AIViewController.h */ = {isa = PBXFileReference; lastKnownFileType = sourcecode.c.h; path = AIViewController.h; sourceTree = "<group>"; };
		187BA3CF24EFB52100D76767 /* AIViewController.m */ = {isa = PBXFileReference; lastKnownFileType = sourcecode.c.objc; path = AIViewController.m; sourceTree = "<group>"; };
		50C2C51149336170B243D1FE /* Pods-AIAPP.release.xcconfig */ = {isa = PBXFileReference; includeInIndex = 1; lastKnownFileType = text.xcconfig; name = "Pods-AIAPP.release.xcconfig"; path = "Pods/Target Support Files/Pods-AIAPP/Pods-AIAPP.release.xcconfig"; sourceTree = "<group>"; };
		62939EFC16EAA7CAC9E7CBD2 /* Pods_AIAPP.framework */ = {isa = PBXFileReference; explicitFileType = wrapper.framework; includeInIndex = 0; path = Pods_AIAPP.framework; sourceTree = BUILT_PRODUCTS_DIR; };
		F325E1A31FECB7BF00028C1A /* AppDelegate.h */ = {isa = PBXFileReference; fileEncoding = 4; lastKnownFileType = sourcecode.c.h; path = AppDelegate.h; sourceTree = "<group>"; };
		F325E1A41FECB7BF00028C1A /* AppDelegate.m */ = {isa = PBXFileReference; fileEncoding = 4; lastKnownFileType = sourcecode.c.objc; path = AppDelegate.m; sourceTree = "<group>"; };
		F325E1A71FECB7BF00028C1A /* Assets.xcassets */ = {isa = PBXFileReference; lastKnownFileType = folder.assetcatalog; path = Assets.xcassets; sourceTree = "<group>"; };
		F325E1AC1FECB7BF00028C1A /* Info.plist */ = {isa = PBXFileReference; fileEncoding = 4; lastKnownFileType = text.plist.xml; path = Info.plist; sourceTree = "<group>"; };
		F325E1AD1FECB7BF00028C1A /* main.m */ = {isa = PBXFileReference; fileEncoding = 4; lastKnownFileType = sourcecode.c.objc; path = main.m; sourceTree = "<group>"; };
		F325E1B41FECB86E00028C1A /* PrefixHeader.pch */ = {isa = PBXFileReference; fileEncoding = 4; lastKnownFileType = sourcecode.c.h; path = PrefixHeader.pch; sourceTree = "<group>"; };
		F325E1B81FF3366300028C1A /* AppDelegate+AppService.h */ = {isa = PBXFileReference; fileEncoding = 4; lastKnownFileType = sourcecode.c.h; path = "AppDelegate+AppService.h"; sourceTree = "<group>"; };
		F325E1B91FF3366300028C1A /* AppDelegate+AppService.m */ = {isa = PBXFileReference; fileEncoding = 4; lastKnownFileType = sourcecode.c.objc; path = "AppDelegate+AppService.m"; sourceTree = "<group>"; };
		F3BD64841FEC1339005EAB31 /* AIAPP.app */ = {isa = PBXFileReference; explicitFileType = wrapper.application; includeInIndex = 0; path = AIAPP.app; sourceTree = BUILT_PRODUCTS_DIR; };
/* End PBXFileReference section */

/* Begin PBXFrameworksBuildPhase section */
		F3BD64811FEC1339005EAB31 /* Frameworks */ = {
			isa = PBXFrameworksBuildPhase;
			buildActionMask = 2147483647;
			files = (
				8594EC5C457813A7DF0C475D /* Pods_AIAPP.framework in Frameworks */,
			);
			runOnlyForDeploymentPostprocessing = 0;
		};
/* End PBXFrameworksBuildPhase section */

/* Begin PBXGroup section */
		187BA3BC24EF7F6100D76767 /* AICommon */ = {
			isa = PBXGroup;
			children = (
				187BA3BD24EF7F6100D76767 /* AINetwork */,
				187BA3BE24EF7F6100D76767 /* AIDatabase */,
				187BA3BF24EF7F6100D76767 /* AIBase */,
				187BA3C024EF7F6100D76767 /* AITool */,
				187BA3C124EF7F6100D76767 /* AI3rd */,
				187BA3C224EF7F6100D76767 /* AIDefine */,
				187BA3C824EF7F6100D76767 /* AIManager */,
				187BA3C924EF7F6100D76767 /* AIExtension */,
			);
			path = AICommon;
			sourceTree = "<group>";
		};
		187BA3BD24EF7F6100D76767 /* AINetwork */ = {
			isa = PBXGroup;
			children = (
			);
			path = AINetwork;
			sourceTree = "<group>";
		};
		187BA3BE24EF7F6100D76767 /* AIDatabase */ = {
			isa = PBXGroup;
			children = (
			);
			path = AIDatabase;
			sourceTree = "<group>";
		};
		187BA3BF24EF7F6100D76767 /* AIBase */ = {
			isa = PBXGroup;
			children = (
			);
			path = AIBase;
			sourceTree = "<group>";
		};
		187BA3C024EF7F6100D76767 /* AITool */ = {
			isa = PBXGroup;
			children = (
			);
			path = AITool;
			sourceTree = "<group>";
		};
		187BA3C124EF7F6100D76767 /* AI3rd */ = {
			isa = PBXGroup;
			children = (
			);
			path = AI3rd;
			sourceTree = "<group>";
		};
		187BA3C224EF7F6100D76767 /* AIDefine */ = {
			isa = PBXGroup;
			children = (
				187BA3C324EF7F6100D76767 /* UtilsMacros.h */,
				187BA3C424EF7F6100D76767 /* CommonMacros.h */,
				187BA3C524EF7F6100D76767 /* FontAndColorMacros.h */,
				187BA3C624EF7F6100D76767 /* URLMacros.h */,
				187BA3C724EF7F6100D76767 /* SystemMacros.h */,
			);
			path = AIDefine;
			sourceTree = "<group>";
		};
		187BA3C824EF7F6100D76767 /* AIManager */ = {
			isa = PBXGroup;
			children = (
			);
			path = AIManager;
			sourceTree = "<group>";
		};
		187BA3C924EF7F6100D76767 /* AIExtension */ = {
			isa = PBXGroup;
			children = (
				187BA3CA24EF807F00D76767 /* NSObject+AICommon */,
			);
			path = AIExtension;
			sourceTree = "<group>";
		};
		187BA3CA24EF807F00D76767 /* NSObject+AICommon */ = {
			isa = PBXGroup;
			children = (
				187BA3CB24EF80A500D76767 /* NSObject+AICommon.h */,
				187BA3CC24EF80A500D76767 /* NSObject+AICommon.m */,
			);
			path = "NSObject+AICommon";
			sourceTree = "<group>";
		};
		DC9826FBC19FD181F55508FB /* Pods */ = {
			isa = PBXGroup;
			children = (
				016E0B101B3405D3328A1B37 /* Pods-AIAPP.debug.xcconfig */,
				50C2C51149336170B243D1FE /* Pods-AIAPP.release.xcconfig */,
			);
			name = Pods;
			sourceTree = "<group>";
		};
		DF43769143C139237BBAB3E4 /* Frameworks */ = {
			isa = PBXGroup;
			children = (
				62939EFC16EAA7CAC9E7CBD2 /* Pods_AIAPP.framework */,
			);
			name = Frameworks;
			sourceTree = "<group>";
		};
		F325E1A21FECB7BF00028C1A /* AppDelegate */ = {
			isa = PBXGroup;
			children = (
				F325E1A31FECB7BF00028C1A /* AppDelegate.h */,
				F325E1A41FECB7BF00028C1A /* AppDelegate.m */,
				F325E1B81FF3366300028C1A /* AppDelegate+AppService.h */,
				F325E1B91FF3366300028C1A /* AppDelegate+AppService.m */,
			);
			path = AppDelegate;
			sourceTree = "<group>";
		};
		F325E1A61FECB7BF00028C1A /* Supporting Flies */ = {
			isa = PBXGroup;
			children = (
				F325E1A71FECB7BF00028C1A /* Assets.xcassets */,
				F325E1AC1FECB7BF00028C1A /* Info.plist */,
				F325E1AD1FECB7BF00028C1A /* main.m */,
				F325E1B41FECB86E00028C1A /* PrefixHeader.pch */,
			);
			path = "Supporting Flies";
			sourceTree = "<group>";
		};
		F3BD647B1FEC1339005EAB31 = {
			isa = PBXGroup;
			children = (
				F3BD64861FEC1339005EAB31 /* AIAPP */,
				F3BD64851FEC1339005EAB31 /* Products */,
				DC9826FBC19FD181F55508FB /* Pods */,
				DF43769143C139237BBAB3E4 /* Frameworks */,
			);
			sourceTree = "<group>";
		};
		F3BD64851FEC1339005EAB31 /* Products */ = {
			isa = PBXGroup;
			children = (
				F3BD64841FEC1339005EAB31 /* AIAPP.app */,
			);
			name = Products;
			sourceTree = "<group>";
		};
		F3BD64861FEC1339005EAB31 /* AIAPP */ = {
			isa = PBXGroup;
			children = (
				187BA3CE24EFB52100D76767 /* AIViewController.h */,
				187BA3CF24EFB52100D76767 /* AIViewController.m */,
				187BA3BC24EF7F6100D76767 /* AICommon */,
				F325E1A21FECB7BF00028C1A /* AppDelegate */,
				F325E1A61FECB7BF00028C1A /* Supporting Flies */,
			);
			path = AIAPP;
			sourceTree = "<group>";
		};
/* End PBXGroup section */

/* Begin PBXNativeTarget section */
		F3BD64831FEC1339005EAB31 /* AIAPP */ = {
			isa = PBXNativeTarget;
			buildConfigurationList = F3BD649B1FEC1339005EAB31 /* Build configuration list for PBXNativeTarget "AIAPP" */;
			buildPhases = (
				0280983A1A0DBEC6BAF62B94 /* [CP] Check Pods Manifest.lock */,
				F3BD64801FEC1339005EAB31 /* Sources */,
				F3BD64811FEC1339005EAB31 /* Frameworks */,
				F3BD64821FEC1339005EAB31 /* Resources */,
				F95F1E83E7DB886204433A18 /* [CP] Embed Pods Frameworks */,
			);
			buildRules = (
			);
			dependencies = (
			);
			name = AIAPP;
			productName = AIAPP;
			productReference = F3BD64841FEC1339005EAB31 /* AIAPP.app */;
			productType = "com.apple.product-type.application";
		};
/* End PBXNativeTarget section */

/* Begin PBXProject section */
		F3BD647C1FEC1339005EAB31 /* Project object */ = {
			isa = PBXProject;
			attributes = {
				LastUpgradeCheck = 0830;
				ORGANIZATIONNAME = hikvision;
				TargetAttributes = {
					F3BD64831FEC1339005EAB31 = {
						CreatedOnToolsVersion = 8.3.2;
						DevelopmentTeam = FEJ3TK6P5H;
						ProvisioningStyle = Manual;
					};
				};
			};
			buildConfigurationList = F3BD647F1FEC1339005EAB31 /* Build configuration list for PBXProject "AIAPP" */;
			compatibilityVersion = "Xcode 3.2";
			developmentRegion = English;
			hasScannedForEncodings = 0;
			knownRegions = (
				English,
				en,
				Base,
			);
			mainGroup = F3BD647B1FEC1339005EAB31;
			productRefGroup = F3BD64851FEC1339005EAB31 /* Products */;
			projectDirPath = "";
			projectRoot = "";
			targets = (
				F3BD64831FEC1339005EAB31 /* AIAPP */,
			);
		};
/* End PBXProject section */

/* Begin PBXResourcesBuildPhase section */
		F3BD64821FEC1339005EAB31 /* Resources */ = {
			isa = PBXResourcesBuildPhase;
			buildActionMask = 2147483647;
			files = (
				F325E1B21FECB7BF00028C1A /* Info.plist in Resources */,
				F325E1AF1FECB7BF00028C1A /* Assets.xcassets in Resources */,
			);
			runOnlyForDeploymentPostprocessing = 0;
		};
/* End PBXResourcesBuildPhase section */

/* Begin PBXShellScriptBuildPhase section */
		0280983A1A0DBEC6BAF62B94 /* [CP] Check Pods Manifest.lock */ = {
			isa = PBXShellScriptBuildPhase;
			buildActionMask = 2147483647;
			files = (
			);
			inputPaths = (
				"${PODS_PODFILE_DIR_PATH}/Podfile.lock",
				"${PODS_ROOT}/Manifest.lock",
			);
			name = "[CP] Check Pods Manifest.lock";
			outputPaths = (
				"$(DERIVED_FILE_DIR)/Pods-AIAPP-checkManifestLockResult.txt",
			);
			runOnlyForDeploymentPostprocessing = 0;
			shellPath = /bin/sh;
			shellScript = "diff \"${PODS_PODFILE_DIR_PATH}/Podfile.lock\" \"${PODS_ROOT}/Manifest.lock\" > /dev/null\nif [ $? != 0 ] ; then\n    # print error to STDERR\n    echo \"error: The sandbox is not in sync with the Podfile.lock. Run 'pod install' or update your CocoaPods installation.\" >&2\n    exit 1\nfi\n# This output is used by Xcode 'outputs' to avoid re-running this script phase.\necho \"SUCCESS\" > \"${SCRIPT_OUTPUT_FILE_0}\"\n";
			showEnvVarsInLog = 0;
		};
		F95F1E83E7DB886204433A18 /* [CP] Embed Pods Frameworks */ = {
			isa = PBXShellScriptBuildPhase;
			buildActionMask = 2147483647;
			files = (
			);
			inputPaths = (
				"${PODS_ROOT}/Target Support Files/Pods-AIAPP/Pods-AIAPP-frameworks.sh",
				"${BUILT_PRODUCTS_DIR}/AFNetworking/AFNetworking.framework",
				"${BUILT_PRODUCTS_DIR}/FMDB/FMDB.framework",
				"${BUILT_PRODUCTS_DIR}/KVOController/KVOController.framework",
				"${BUILT_PRODUCTS_DIR}/LKDBHelper/LKDBHelper.framework",
				"${BUILT_PRODUCTS_DIR}/MJExtension/MJExtension.framework",
				"${BUILT_PRODUCTS_DIR}/MJRefresh/MJRefresh.framework",
				"${BUILT_PRODUCTS_DIR}/Masonry/Masonry.framework",
				"${BUILT_PRODUCTS_DIR}/SDWebImage/SDWebImage.framework",
			);
			name = "[CP] Embed Pods Frameworks";
			outputPaths = (
				"${TARGET_BUILD_DIR}/${FRAMEWORKS_FOLDER_PATH}/AFNetworking.framework",
				"${TARGET_BUILD_DIR}/${FRAMEWORKS_FOLDER_PATH}/FMDB.framework",
				"${TARGET_BUILD_DIR}/${FRAMEWORKS_FOLDER_PATH}/KVOController.framework",
				"${TARGET_BUILD_DIR}/${FRAMEWORKS_FOLDER_PATH}/LKDBHelper.framework",
				"${TARGET_BUILD_DIR}/${FRAMEWORKS_FOLDER_PATH}/MJExtension.framework",
				"${TARGET_BUILD_DIR}/${FRAMEWORKS_FOLDER_PATH}/MJRefresh.framework",
				"${TARGET_BUILD_DIR}/${FRAMEWORKS_FOLDER_PATH}/Masonry.framework",
				"${TARGET_BUILD_DIR}/${FRAMEWORKS_FOLDER_PATH}/SDWebImage.framework",
			);
			runOnlyForDeploymentPostprocessing = 0;
			shellPath = /bin/sh;
			shellScript = "\"${PODS_ROOT}/Target Support Files/Pods-AIAPP/Pods-AIAPP-frameworks.sh\"\n";
			showEnvVarsInLog = 0;
		};
/* End PBXShellScriptBuildPhase section */

/* Begin PBXSourcesBuildPhase section */
		F3BD64801FEC1339005EAB31 /* Sources */ = {
			isa = PBXSourcesBuildPhase;
			buildActionMask = 2147483647;
			files = (
				187BA3CD24EF80A500D76767 /* NSObject+AICommon.m in Sources */,
				F325E1BA1FF3366300028C1A /* AppDelegate+AppService.m in Sources */,
				F325E1B31FECB7BF00028C1A /* main.m in Sources */,
				F325E1AE1FECB7BF00028C1A /* AppDelegate.m in Sources */,
				187BA3D024EFB52100D76767 /* AIViewController.m in Sources */,
			);
			runOnlyForDeploymentPostprocessing = 0;
		};
/* End PBXSourcesBuildPhase section */

/* Begin XCBuildConfiguration section */
		F3BD64991FEC1339005EAB31 /* Debug */ = {
			isa = XCBuildConfiguration;
			buildSettings = {
				ALWAYS_SEARCH_USER_PATHS = NO;
				CLANG_ANALYZER_NONNULL = YES;
				CLANG_ANALYZER_NUMBER_OBJECT_CONVERSION = YES_AGGRESSIVE;
				CLANG_CXX_LANGUAGE_STANDARD = "gnu++0x";
				CLANG_CXX_LIBRARY = "libc++";
				CLANG_ENABLE_MODULES = YES;
				CLANG_ENABLE_OBJC_ARC = YES;
				CLANG_WARN_BOOL_CONVERSION = YES;
				CLANG_WARN_CONSTANT_CONVERSION = YES;
				CLANG_WARN_DIRECT_OBJC_ISA_USAGE = YES_ERROR;
				CLANG_WARN_DOCUMENTATION_COMMENTS = YES;
				CLANG_WARN_EMPTY_BODY = YES;
				CLANG_WARN_ENUM_CONVERSION = YES;
				CLANG_WARN_INFINITE_RECURSION = YES;
				CLANG_WARN_INT_CONVERSION = YES;
				CLANG_WARN_OBJC_ROOT_CLASS = YES_ERROR;
				CLANG_WARN_SUSPICIOUS_MOVE = YES;
				CLANG_WARN_UNREACHABLE_CODE = YES;
				CLANG_WARN__DUPLICATE_METHOD_MATCH = YES;
				"CODE_SIGN_IDENTITY[sdk=iphoneos*]" = "iPhone Developer";
				COPY_PHASE_STRIP = NO;
				DEBUG_INFORMATION_FORMAT = dwarf;
				ENABLE_STRICT_OBJC_MSGSEND = YES;
				ENABLE_TESTABILITY = YES;
				GCC_C_LANGUAGE_STANDARD = gnu99;
				GCC_DYNAMIC_NO_PIC = NO;
				GCC_NO_COMMON_BLOCKS = YES;
				GCC_OPTIMIZATION_LEVEL = 0;
				GCC_PREPROCESSOR_DEFINITIONS = (
					"DEBUG=1",
					"$(inherited)",
				);
				GCC_WARN_64_TO_32_BIT_CONVERSION = YES;
				GCC_WARN_ABOUT_RETURN_TYPE = YES_ERROR;
				GCC_WARN_UNDECLARED_SELECTOR = YES;
				GCC_WARN_UNINITIALIZED_AUTOS = YES_AGGRESSIVE;
				GCC_WARN_UNUSED_FUNCTION = YES;
				GCC_WARN_UNUSED_VARIABLE = YES;
				IPHONEOS_DEPLOYMENT_TARGET = 10.3;
				MTL_ENABLE_DEBUG_INFO = YES;
				ONLY_ACTIVE_ARCH = YES;
				SDKROOT = iphoneos;
			};
			name = Debug;
		};
		F3BD649A1FEC1339005EAB31 /* Release */ = {
			isa = XCBuildConfiguration;
			buildSettings = {
				ALWAYS_SEARCH_USER_PATHS = NO;
				CLANG_ANALYZER_NONNULL = YES;
				CLANG_ANALYZER_NUMBER_OBJECT_CONVERSION = YES_AGGRESSIVE;
				CLANG_CXX_LANGUAGE_STANDARD = "gnu++0x";
				CLANG_CXX_LIBRARY = "libc++";
				CLANG_ENABLE_MODULES = YES;
				CLANG_ENABLE_OBJC_ARC = YES;
				CLANG_WARN_BOOL_CONVERSION = YES;
				CLANG_WARN_CONSTANT_CONVERSION = YES;
				CLANG_WARN_DIRECT_OBJC_ISA_USAGE = YES_ERROR;
				CLANG_WARN_DOCUMENTATION_COMMENTS = YES;
				CLANG_WARN_EMPTY_BODY = YES;
				CLANG_WARN_ENUM_CONVERSION = YES;
				CLANG_WARN_INFINITE_RECURSION = YES;
				CLANG_WARN_INT_CONVERSION = YES;
				CLANG_WARN_OBJC_ROOT_CLASS = YES_ERROR;
				CLANG_WARN_SUSPICIOUS_MOVE = YES;
				CLANG_WARN_UNREACHABLE_CODE = YES;
				CLANG_WARN__DUPLICATE_METHOD_MATCH = YES;
				"CODE_SIGN_IDENTITY[sdk=iphoneos*]" = "iPhone Developer";
				COPY_PHASE_STRIP = NO;
				DEBUG_INFORMATION_FORMAT = "dwarf-with-dsym";
				ENABLE_NS_ASSERTIONS = NO;
				ENABLE_STRICT_OBJC_MSGSEND = YES;
				GCC_C_LANGUAGE_STANDARD = gnu99;
				GCC_NO_COMMON_BLOCKS = YES;
				GCC_WARN_64_TO_32_BIT_CONVERSION = YES;
				GCC_WARN_ABOUT_RETURN_TYPE = YES_ERROR;
				GCC_WARN_UNDECLARED_SELECTOR = YES;
				GCC_WARN_UNINITIALIZED_AUTOS = YES_AGGRESSIVE;
				GCC_WARN_UNUSED_FUNCTION = YES;
				GCC_WARN_UNUSED_VARIABLE = YES;
				IPHONEOS_DEPLOYMENT_TARGET = 10.3;
				MTL_ENABLE_DEBUG_INFO = NO;
				SDKROOT = iphoneos;
				VALIDATE_PRODUCT = YES;
			};
			name = Release;
		};
		F3BD649C1FEC1339005EAB31 /* Debug */ = {
			isa = XCBuildConfiguration;
			baseConfigurationReference = 016E0B101B3405D3328A1B37 /* Pods-AIAPP.debug.xcconfig */;
			buildSettings = {
				ASSETCATALOG_COMPILER_APPICON_NAME = AppIcon;
				CODE_SIGN_STYLE = Manual;
				DEVELOPMENT_TEAM = FEJ3TK6P5H;
				GCC_PRECOMPILE_PREFIX_HEADER = NO;
				GCC_PREFIX_HEADER = "$(SRCROOT)/AIAPP/Supporting Flies/PrefixHeader.pch";
				INFOPLIST_FILE = "$(SRCROOT)/AIAPP/Supporting Flies/Info.plist";
				LD_RUNPATH_SEARCH_PATHS = "$(inherited) @executable_path/Frameworks";
				PRODUCT_BUNDLE_IDENTIFIER = com.hikvision.AIAPP;
				PRODUCT_NAME = "$(TARGET_NAME)";
				PROVISIONING_PROFILE_SPECIFIER = gujiangjiang_hikvision_wildcard_dev;
			};
			name = Debug;
		};
		F3BD649D1FEC1339005EAB31 /* Release */ = {
			isa = XCBuildConfiguration;
			baseConfigurationReference = 50C2C51149336170B243D1FE /* Pods-AIAPP.release.xcconfig */;
			buildSettings = {
				ASSETCATALOG_COMPILER_APPICON_NAME = AppIcon;
				CODE_SIGN_STYLE = Manual;
				DEVELOPMENT_TEAM = FEJ3TK6P5H;
				GCC_PRECOMPILE_PREFIX_HEADER = NO;
				GCC_PREFIX_HEADER = "$(SRCROOT)/AIAPP/Supporting Flies/PrefixHeader.pch";
				INFOPLIST_FILE = "$(SRCROOT)/AIAPP/Supporting Flies/Info.plist";
				LD_RUNPATH_SEARCH_PATHS = "$(inherited) @executable_path/Frameworks";
				PRODUCT_BUNDLE_IDENTIFIER = com.hikvision.AIAPP;
				PRODUCT_NAME = "$(TARGET_NAME)";
				PROVISIONING_PROFILE_SPECIFIER = gujiangjiang_hikvision_wildcard_dev;
			};
			name = Release;
		};
/* End XCBuildConfiguration section */

/* Begin XCConfigurationList section */
		F3BD647F1FEC1339005EAB31 /* Build configuration list for PBXProject "AIAPP" */ = {
			isa = XCConfigurationList;
			buildConfigurations = (
				F3BD64991FEC1339005EAB31 /* Debug */,
				F3BD649A1FEC1339005EAB31 /* Release */,
			);
			defaultConfigurationIsVisible = 0;
			defaultConfigurationName = Release;
		};
		F3BD649B1FEC1339005EAB31 /* Build configuration list for PBXNativeTarget "AIAPP" */ = {
			isa = XCConfigurationList;
			buildConfigurations = (
				F3BD649C1FEC1339005EAB31 /* Debug */,
				F3BD649D1FEC1339005EAB31 /* Release */,
			);
			defaultConfigurationIsVisible = 0;
			defaultConfigurationName = Release;
		};
/* End XCConfigurationList section */
	};
	rootObject = F3BD647C1FEC1339005EAB31 /* Project object */;
}
